// !$*UTF8*$!
{
	archiveVersion = 1;
	classes = {
	};
	objectVersion = 46;
	objects = {

/* Begin PBXBuildFile section */
		2E3345B71E4D9436005A1CAA /* main.m in Sources */ = {isa = PBXBuildFile; fileRef = 2E3345B61E4D9436005A1CAA /* main.m */; };
		2E3345BA1E4D9436005A1CAA /* AppDelegate.m in Sources */ = {isa = PBXBuildFile; fileRef = 2E3345B91E4D9436005A1CAA /* AppDelegate.m */; };
		2E3345C31E4D9436005A1CAA /* MyList.xcdatamodeld in Sources */ = {isa = PBXBuildFile; fileRef = 2E3345C11E4D9436005A1CAA /* MyList.xcdatamodeld */; };
		2E3345C51E4D9436005A1CAA /* Assets.xcassets in Resources */ = {isa = PBXBuildFile; fileRef = 2E3345C41E4D9436005A1CAA /* Assets.xcassets */; };
		2E3345C81E4D9436005A1CAA /* LaunchScreen.storyboard in Resources */ = {isa = PBXBuildFile; fileRef = 2E3345C61E4D9436005A1CAA /* LaunchScreen.storyboard */; };
		2E3345D81E4D96D8005A1CAA /* MLTargetModel.m in Sources */ = {isa = PBXBuildFile; fileRef = 2E3345D71E4D96D8005A1CAA /* MLTargetModel.m */; };
		2E3345DC1E4D977B005A1CAA /* MLMainViewController.m in Sources */ = {isa = PBXBuildFile; fileRef = 2E3345DA1E4D977B005A1CAA /* MLMainViewController.m */; };
		2E3345DD1E4D977B005A1CAA /* MLMainViewController.xib in Resources */ = {isa = PBXBuildFile; fileRef = 2E3345DB1E4D977B005A1CAA /* MLMainViewController.xib */; };
		2E3345E61E4D9FAE005A1CAA /* MLTargetCell.m in Sources */ = {isa = PBXBuildFile; fileRef = 2E3345E41E4D9FAE005A1CAA /* MLTargetCell.m */; };
		2E3345E71E4D9FAE005A1CAA /* MLTargetCell.xib in Resources */ = {isa = PBXBuildFile; fileRef = 2E3345E51E4D9FAE005A1CAA /* MLTargetCell.xib */; };
		2E3345EA1E4DA2EA005A1CAA /* MLNewTargetController.m in Sources */ = {isa = PBXBuildFile; fileRef = 2E3345E91E4DA2EA005A1CAA /* MLNewTargetController.m */; };
		2E3345EC1E4DA305005A1CAA /* MLNewTarget.storyboard in Resources */ = {isa = PBXBuildFile; fileRef = 2E3345EB1E4DA305005A1CAA /* MLNewTarget.storyboard */; };
		2E3345EF1E4DA981005A1CAA /* MLDBManager.m in Sources */ = {isa = PBXBuildFile; fileRef = 2E3345EE1E4DA981005A1CAA /* MLDBManager.m */; };
		2E3345F31E4DB90E005A1CAA /* MLSettingViewController.m in Sources */ = {isa = PBXBuildFile; fileRef = 2E3345F21E4DB90E005A1CAA /* MLSettingViewController.m */; };
		2E3345F51E4DB91F005A1CAA /* MLSetting.storyboard in Resources */ = {isa = PBXBuildFile; fileRef = 2E3345F41E4DB91F005A1CAA /* MLSetting.storyboard */; };
/* End PBXBuildFile section */

/* Begin PBXFileReference section */
		2E3345B21E4D9436005A1CAA /* MyList.app */ = {isa = PBXFileReference; explicitFileType = wrapper.application; includeInIndex = 0; path = MyList.app; sourceTree = BUILT_PRODUCTS_DIR; };
		2E3345B61E4D9436005A1CAA /* main.m */ = {isa = PBXFileReference; lastKnownFileType = sourcecode.c.objc; path = main.m; sourceTree = "<group>"; };
		2E3345B81E4D9436005A1CAA /* AppDelegate.h */ = {isa = PBXFileReference; lastKnownFileType = sourcecode.c.h; path = AppDelegate.h; sourceTree = "<group>"; };
		2E3345B91E4D9436005A1CAA /* AppDelegate.m */ = {isa = PBXFileReference; lastKnownFileType = sourcecode.c.objc; path = AppDelegate.m; sourceTree = "<group>"; };
		2E3345C21E4D9436005A1CAA /* MyList.xcdatamodel */ = {isa = PBXFileReference; lastKnownFileType = wrapper.xcdatamodel; path = MyList.xcdatamodel; sourceTree = "<group>"; };
		2E3345C41E4D9436005A1CAA /* Assets.xcassets */ = {isa = PBXFileReference; lastKnownFileType = folder.assetcatalog; path = Assets.xcassets; sourceTree = "<group>"; };
		2E3345C71E4D9436005A1CAA /* Base */ = {isa = PBXFileReference; lastKnownFileType = file.storyboard; name = Base; path = Base.lproj/LaunchScreen.storyboard; sourceTree = "<group>"; };
		2E3345C91E4D9436005A1CAA /* Info.plist */ = {isa = PBXFileReference; lastKnownFileType = text.plist.xml; path = Info.plist; sourceTree = "<group>"; };
		2E3345D61E4D96D8005A1CAA /* MLTargetModel.h */ = {isa = PBXFileReference; fileEncoding = 4; lastKnownFileType = sourcecode.c.h; path = MLTargetModel.h; sourceTree = "<group>"; };
		2E3345D71E4D96D8005A1CAA /* MLTargetModel.m */ = {isa = PBXFileReference; fileEncoding = 4; lastKnownFileType = sourcecode.c.objc; path = MLTargetModel.m; sourceTree = "<group>"; };
		2E3345D91E4D977B005A1CAA /* MLMainViewController.h */ = {isa = PBXFileReference; fileEncoding = 4; lastKnownFileType = sourcecode.c.h; path = MLMainViewController.h; sourceTree = "<group>"; };
		2E3345DA1E4D977B005A1CAA /* MLMainViewController.m */ = {isa = PBXFileReference; fileEncoding = 4; lastKnownFileType = sourcecode.c.objc; path = MLMainViewController.m; sourceTree = "<group>"; };
		2E3345DB1E4D977B005A1CAA /* MLMainViewController.xib */ = {isa = PBXFileReference; fileEncoding = 4; lastKnownFileType = file.xib; path = MLMainViewController.xib; sourceTree = "<group>"; };
		2E3345E31E4D9FAE005A1CAA /* MLTargetCell.h */ = {isa = PBXFileReference; fileEncoding = 4; lastKnownFileType = sourcecode.c.h; path = MLTargetCell.h; sourceTree = "<group>"; };
		2E3345E41E4D9FAE005A1CAA /* MLTargetCell.m */ = {isa = PBXFileReference; fileEncoding = 4; lastKnownFileType = sourcecode.c.objc; path = MLTargetCell.m; sourceTree = "<group>"; };
		2E3345E51E4D9FAE005A1CAA /* MLTargetCell.xib */ = {isa = PBXFileReference; fileEncoding = 4; lastKnownFileType = file.xib; path = MLTargetCell.xib; sourceTree = "<group>"; };
		2E3345E81E4DA2EA005A1CAA /* MLNewTargetController.h */ = {isa = PBXFileReference; fileEncoding = 4; lastKnownFileType = sourcecode.c.h; path = MLNewTargetController.h; sourceTree = "<group>"; };
		2E3345E91E4DA2EA005A1CAA /* MLNewTargetController.m */ = {isa = PBXFileReference; fileEncoding = 4; lastKnownFileType = sourcecode.c.objc; path = MLNewTargetController.m; sourceTree = "<group>"; };
		2E3345EB1E4DA305005A1CAA /* MLNewTarget.storyboard */ = {isa = PBXFileReference; fileEncoding = 4; lastKnownFileType = file.storyboard; path = MLNewTarget.storyboard; sourceTree = "<group>"; };
		2E3345ED1E4DA981005A1CAA /* MLDBManager.h */ = {isa = PBXFileReference; fileEncoding = 4; lastKnownFileType = sourcecode.c.h; path = MLDBManager.h; sourceTree = "<group>"; };
		2E3345EE1E4DA981005A1CAA /* MLDBManager.m */ = {isa = PBXFileReference; fileEncoding = 4; lastKnownFileType = sourcecode.c.objc; path = MLDBManager.m; sourceTree = "<group>"; };
		2E3345F01E4DAA43005A1CAA /* MLHeader.pch */ = {isa = PBXFileReference; lastKnownFileType = sourcecode.c.h; path = MLHeader.pch; sourceTree = "<group>"; };
		2E3345F11E4DB90E005A1CAA /* MLSettingViewController.h */ = {isa = PBXFileReference; fileEncoding = 4; lastKnownFileType = sourcecode.c.h; path = MLSettingViewController.h; sourceTree = "<group>"; };
		2E3345F21E4DB90E005A1CAA /* MLSettingViewController.m */ = {isa = PBXFileReference; fileEncoding = 4; lastKnownFileType = sourcecode.c.objc; path = MLSettingViewController.m; sourceTree = "<group>"; };
		2E3345F41E4DB91F005A1CAA /* MLSetting.storyboard */ = {isa = PBXFileReference; fileEncoding = 4; lastKnownFileType = file.storyboard; path = MLSetting.storyboard; sourceTree = "<group>"; };
/* End PBXFileReference section */

/* Begin PBXFrameworksBuildPhase section */
		2E3345AF1E4D9436005A1CAA /* Frameworks */ = {
			isa = PBXFrameworksBuildPhase;
			buildActionMask = 2147483647;
			files = (
			);
			runOnlyForDeploymentPostprocessing = 0;
		};
/* End PBXFrameworksBuildPhase section */

/* Begin PBXGroup section */
		2E3345A91E4D9436005A1CAA = {
			isa = PBXGroup;
			children = (
				2E3345F01E4DAA43005A1CAA /* MLHeader.pch */,
				2E3345B41E4D9436005A1CAA /* MyList */,
				2E3345B31E4D9436005A1CAA /* Products */,
			);
			sourceTree = "<group>";
		};
		2E3345B31E4D9436005A1CAA /* Products */ = {
			isa = PBXGroup;
			children = (
				2E3345B21E4D9436005A1CAA /* MyList.app */,
			);
			name = Products;
			sourceTree = "<group>";
		};
		2E3345B41E4D9436005A1CAA /* MyList */ = {
			isa = PBXGroup;
			children = (
				2E3345B81E4D9436005A1CAA /* AppDelegate.h */,
				2E3345B91E4D9436005A1CAA /* AppDelegate.m */,
				2E3345D91E4D977B005A1CAA /* MLMainViewController.h */,
				2E3345DA1E4D977B005A1CAA /* MLMainViewController.m */,
				2E3345DB1E4D977B005A1CAA /* MLMainViewController.xib */,
				2E3345D11E4D964B005A1CAA /* Controller */,
				2E3345D51E4D964B005A1CAA /* View */,
				2E3345D31E4D964B005A1CAA /* Model */,
				2E3345D41E4D964B005A1CAA /* Tools */,
				2E3345D21E4D964B005A1CAA /* DB */,
				2E3345D01E4D964B005A1CAA /* Category */,
				2E3345C41E4D9436005A1CAA /* Assets.xcassets */,
				2E3345C61E4D9436005A1CAA /* LaunchScreen.storyboard */,
				2E3345C91E4D9436005A1CAA /* Info.plist */,
				2E3345C11E4D9436005A1CAA /* MyList.xcdatamodeld */,
				2E3345B51E4D9436005A1CAA /* Supporting Files */,
			);
			path = MyList;
			sourceTree = "<group>";
		};
		2E3345B51E4D9436005A1CAA /* Supporting Files */ = {
			isa = PBXGroup;
			children = (
				2E3345B61E4D9436005A1CAA /* main.m */,
			);
			name = "Supporting Files";
			sourceTree = "<group>";
		};
		2E3345D01E4D964B005A1CAA /* Category */ = {
			isa = PBXGroup;
			children = (
			);
			path = Category;
			sourceTree = "<group>";
		};
		2E3345D11E4D964B005A1CAA /* Controller */ = {
			isa = PBXGroup;
			children = (
				2E3345E81E4DA2EA005A1CAA /* MLNewTargetController.h */,
				2E3345E91E4DA2EA005A1CAA /* MLNewTargetController.m */,
				2E3345EB1E4DA305005A1CAA /* MLNewTarget.storyboard */,
				2E3345F11E4DB90E005A1CAA /* MLSettingViewController.h */,
				2E3345F21E4DB90E005A1CAA /* MLSettingViewController.m */,
				2E3345F41E4DB91F005A1CAA /* MLSetting.storyboard */,
			);
			path = Controller;
			sourceTree = "<group>";
		};
		2E3345D21E4D964B005A1CAA /* DB */ = {
			isa = PBXGroup;
			children = (
				2E3345D61E4D96D8005A1CAA /* MLTargetModel.h */,
				2E3345D71E4D96D8005A1CAA /* MLTargetModel.m */,
			);
			path = DB;
			sourceTree = "<group>";
		};
		2E3345D31E4D964B005A1CAA /* Model */ = {
			isa = PBXGroup;
			children = (
			);
			path = Model;
			sourceTree = "<group>";
		};
		2E3345D41E4D964B005A1CAA /* Tools */ = {
			isa = PBXGroup;
			children = (
				2E3345ED1E4DA981005A1CAA /* MLDBManager.h */,
				2E3345EE1E4DA981005A1CAA /* MLDBManager.m */,
			);
			path = Tools;
			sourceTree = "<group>";
		};
		2E3345D51E4D964B005A1CAA /* View */ = {
			isa = PBXGroup;
			children = (
				2E3345E31E4D9FAE005A1CAA /* MLTargetCell.h */,
				2E3345E41E4D9FAE005A1CAA /* MLTargetCell.m */,
				2E3345E51E4D9FAE005A1CAA /* MLTargetCell.xib */,
			);
			path = View;
			sourceTree = "<group>";
		};
/* End PBXGroup section */

/* Begin PBXNativeTarget section */
		2E3345B11E4D9436005A1CAA /* MyList */ = {
			isa = PBXNativeTarget;
			buildConfigurationList = 2E3345CC1E4D9436005A1CAA /* Build configuration list for PBXNativeTarget "MyList" */;
			buildPhases = (
				2E3345AE1E4D9436005A1CAA /* Sources */,
				2E3345AF1E4D9436005A1CAA /* Frameworks */,
				2E3345B01E4D9436005A1CAA /* Resources */,
			);
			buildRules = (
			);
			dependencies = (
			);
			name = MyList;
			productName = MyList;
			productReference = 2E3345B21E4D9436005A1CAA /* MyList.app */;
			productType = "com.apple.product-type.application";
		};
/* End PBXNativeTarget section */

/* Begin PBXProject section */
		2E3345AA1E4D9436005A1CAA /* Project object */ = {
			isa = PBXProject;
			attributes = {
				CLASSPREFIX = ML;
				LastUpgradeCheck = 0820;
				ORGANIZATIONNAME = shuige;
				TargetAttributes = {
					2E3345B11E4D9436005A1CAA = {
						CreatedOnToolsVersion = 8.2.1;
						DevelopmentTeam = 38842EP984;
						ProvisioningStyle = Automatic;
					};
				};
			};
			buildConfigurationList = 2E3345AD1E4D9436005A1CAA /* Build configuration list for PBXProject "MyList" */;
			compatibilityVersion = "Xcode 3.2";
			developmentRegion = English;
			hasScannedForEncodings = 0;
			knownRegions = (
				en,
				Base,
			);
			mainGroup = 2E3345A91E4D9436005A1CAA;
			productRefGroup = 2E3345B31E4D9436005A1CAA /* Products */;
			projectDirPath = "";
			projectRoot = "";
			targets = (
				2E3345B11E4D9436005A1CAA /* MyList */,
			);
		};
/* End PBXProject section */

/* Begin PBXResourcesBuildPhase section */
		2E3345B01E4D9436005A1CAA /* Resources */ = {
			isa = PBXResourcesBuildPhase;
			buildActionMask = 2147483647;
			files = (
				2E3345EC1E4DA305005A1CAA /* MLNewTarget.storyboard in Resources */,
				2E3345C81E4D9436005A1CAA /* LaunchScreen.storyboard in Resources */,
				2E3345E71E4D9FAE005A1CAA /* MLTargetCell.xib in Resources */,
				2E3345C51E4D9436005A1CAA /* Assets.xcassets in Resources */,
				2E3345F51E4DB91F005A1CAA /* MLSetting.storyboard in Resources */,
				2E3345DD1E4D977B005A1CAA /* MLMainViewController.xib in Resources */,
			);
			runOnlyForDeploymentPostprocessing = 0;
		};
/* End PBXResourcesBuildPhase section */

/* Begin PBXSourcesBuildPhase section */
		2E3345AE1E4D9436005A1CAA /* Sources */ = {
			isa = PBXSourcesBuildPhase;
			buildActionMask = 2147483647;
			files = (
				2E3345EA1E4DA2EA005A1CAA /* MLNewTargetController.m in Sources */,
				2E3345C31E4D9436005A1CAA /* MyList.xcdatamodeld in Sources */,
				2E3345EF1E4DA981005A1CAA /* MLDBManager.m in Sources */,
				2E3345E61E4D9FAE005A1CAA /* MLTargetCell.m in Sources */,
				2E3345DC1E4D977B005A1CAA /* MLMainViewController.m in Sources */,
				2E3345BA1E4D9436005A1CAA /* AppDelegate.m in Sources */,
				2E3345F31E4DB90E005A1CAA /* MLSettingViewController.m in Sources */,
				2E3345B71E4D9436005A1CAA /* main.m in Sources */,
				2E3345D81E4D96D8005A1CAA /* MLTargetModel.m in Sources */,
			);
			runOnlyForDeploymentPostprocessing = 0;
		};
/* End PBXSourcesBuildPhase section */

/* Begin PBXVariantGroup section */
		2E3345C61E4D9436005A1CAA /* LaunchScreen.storyboard */ = {
			isa = PBXVariantGroup;
			children = (
				2E3345C71E4D9436005A1CAA /* Base */,
			);
			name = LaunchScreen.storyboard;
			sourceTree = "<group>";
		};
/* End PBXVariantGroup section */

/* Begin XCBuildConfiguration section */
		2E3345CA1E4D9436005A1CAA /* Debug */ = {
			isa = XCBuildConfiguration;
			buildSettings = {
				ALWAYS_SEARCH_USER_PATHS = NO;
				CLANG_ANALYZER_NONNULL = YES;
				CLANG_CXX_LANGUAGE_STANDARD = "gnu++0x";
				CLANG_CXX_LIBRARY = "libc++";
				CLANG_ENABLE_MODULES = YES;
				CLANG_ENABLE_OBJC_ARC = YES;
				CLANG_WARN_BOOL_CONVERSION = YES;
				CLANG_WARN_CONSTANT_CONVERSION = YES;
				CLANG_WARN_DIRECT_OBJC_ISA_USAGE = YES_ERROR;
				CLANG_WARN_DOCUMENTATION_COMMENTS = YES;
				CLANG_WARN_EMPTY_BODY = YES;
				CLANG_WARN_ENUM_CONVERSION = YES;
				CLANG_WARN_INFINITE_RECURSION = YES;
				CLANG_WARN_INT_CONVERSION = YES;
				CLANG_WARN_OBJC_ROOT_CLASS = YES_ERROR;
				CLANG_WARN_SUSPICIOUS_MOVE = YES;
				CLANG_WARN_UNREACHABLE_CODE = YES;
				CLANG_WARN__DUPLICATE_METHOD_MATCH = YES;
				"CODE_SIGN_IDENTITY[sdk=iphoneos*]" = "iPhone Developer";
				COPY_PHASE_STRIP = NO;
				DEBUG_INFORMATION_FORMAT = dwarf;
				ENABLE_STRICT_OBJC_MSGSEND = YES;
				ENABLE_TESTABILITY = YES;
				GCC_C_LANGUAGE_STANDARD = gnu99;
				GCC_DYNAMIC_NO_PIC = NO;
				GCC_NO_COMMON_BLOCKS = YES;
				GCC_OPTIMIZATION_LEVEL = 0;
				GCC_PREPROCESSOR_DEFINITIONS = (
					"DEBUG=1",
					"$(inherited)",
				);
				GCC_WARN_64_TO_32_BIT_CONVERSION = YES;
				GCC_WARN_ABOUT_RETURN_TYPE = YES_ERROR;
				GCC_WARN_UNDECLARED_SELECTOR = YES;
				GCC_WARN_UNINITIALIZED_AUTOS = YES_AGGRESSIVE;
				GCC_WARN_UNUSED_FUNCTION = YES;
				GCC_WARN_UNUSED_VARIABLE = YES;
				IPHONEOS_DEPLOYMENT_TARGET = 10.2;
				MTL_ENABLE_DEBUG_INFO = YES;
				ONLY_ACTIVE_ARCH = YES;
				SDKROOT = iphoneos;
			};
			name = Debug;
		};
		2E3345CB1E4D9436005A1CAA /* Release */ = {
			isa = XCBuildConfiguration;
			buildSettings = {
				ALWAYS_SEARCH_USER_PATHS = NO;
				CLANG_ANALYZER_NONNULL = YES;
				CLANG_CXX_LANGUAGE_STANDARD = "gnu++0x";
				CLANG_CXX_LIBRARY = "libc++";
				CLANG_ENABLE_MODULES = YES;
				CLANG_ENABLE_OBJC_ARC = YES;
				CLANG_WARN_BOOL_CONVERSION = YES;
				CLANG_WARN_CONSTANT_CONVERSION = YES;
				CLANG_WARN_DIRECT_OBJC_ISA_USAGE = YES_ERROR;
				CLANG_WARN_DOCUMENTATION_COMMENTS = YES;
				CLANG_WARN_EMPTY_BODY = YES;
				CLANG_WARN_ENUM_CONVERSION = YES;
				CLANG_WARN_INFINITE_RECURSION = YES;
				CLANG_WARN_INT_CONVERSION = YES;
				CLANG_WARN_OBJC_ROOT_CLASS = YES_ERROR;
				CLANG_WARN_SUSPICIOUS_MOVE = YES;
				CLANG_WARN_UNREACHABLE_CODE = YES;
				CLANG_WARN__DUPLICATE_METHOD_MATCH = YES;
				"CODE_SIGN_IDENTITY[sdk=iphoneos*]" = "iPhone Developer";
				COPY_PHASE_STRIP = NO;
				DEBUG_INFORMATION_FORMAT = "dwarf-with-dsym";
				ENABLE_NS_ASSERTIONS = NO;
				ENABLE_STRICT_OBJC_MSGSEND = YES;
				GCC_C_LANGUAGE_STANDARD = gnu99;
				GCC_NO_COMMON_BLOCKS = YES;
				GCC_WARN_64_TO_32_BIT_CONVERSION = YES;
				GCC_WARN_ABOUT_RETURN_TYPE = YES_ERROR;
				GCC_WARN_UNDECLARED_SELECTOR = YES;
				GCC_WARN_UNINITIALIZED_AUTOS = YES_AGGRESSIVE;
				GCC_WARN_UNUSED_FUNCTION = YES;
				GCC_WARN_UNUSED_VARIABLE = YES;
				IPHONEOS_DEPLOYMENT_TARGET = 10.2;
				MTL_ENABLE_DEBUG_INFO = NO;
				SDKROOT = iphoneos;
				VALIDATE_PRODUCT = YES;
			};
			name = Release;
		};
		2E3345CD1E4D9436005A1CAA /* Debug */ = {
			isa = XCBuildConfiguration;
			buildSettings = {
				ASSETCATALOG_COMPILER_APPICON_NAME = AppIcon;
				DEVELOPMENT_TEAM = 38842EP984;
				GCC_PREFIX_HEADER = /Users/kanewang/Documents/2017/mylist/MyList/MLHeader.pch;
				INFOPLIST_FILE = MyList/Info.plist;
				IPHONEOS_DEPLOYMENT_TARGET = 8.0;
				LD_RUNPATH_SEARCH_PATHS = "$(inherited) @executable_path/Frameworks";
				PRODUCT_BUNDLE_IDENTIFIER = com.vrv.MyList;
				PRODUCT_NAME = "$(TARGET_NAME)";
			};
			name = Debug;
		};
		2E3345CE1E4D9436005A1CAA /* Release */ = {
			isa = XCBuildConfiguration;
			buildSettings = {
				ASSETCATALOG_COMPILER_APPICON_NAME = AppIcon;
				DEVELOPMENT_TEAM = 38842EP984;
				GCC_PREFIX_HEADER = /Users/kanewang/Documents/2017/mylist/MyList/MLHeader.pch;
				INFOPLIST_FILE = MyList/Info.plist;
				IPHONEOS_DEPLOYMENT_TARGET = 8.0;
				LD_RUNPATH_SEARCH_PATHS = "$(inherited) @executable_path/Frameworks";
				PRODUCT_BUNDLE_IDENTIFIER = com.vrv.MyList;
				PRODUCT_NAME = "$(TARGET_NAME)";
			};
			name = Release;
		};
/* End XCBuildConfiguration section */

/* Begin XCConfigurationList section */
		2E3345AD1E4D9436005A1CAA /* Build configuration list for PBXProject "MyList" */ = {
			isa = XCConfigurationList;
			buildConfigurations = (
				2E3345CA1E4D9436005A1CAA /* Debug */,
				2E3345CB1E4D9436005A1CAA /* Release */,
			);
			defaultConfigurationIsVisible = 0;
			defaultConfigurationName = Release;
		};
		2E3345CC1E4D9436005A1CAA /* Build configuration list for PBXNativeTarget "MyList" */ = {
			isa = XCConfigurationList;
			buildConfigurations = (
				2E3345CD1E4D9436005A1CAA /* Debug */,
				2E3345CE1E4D9436005A1CAA /* Release */,
			);
			defaultConfigurationIsVisible = 0;
		};
/* End XCConfigurationList section */

/* Begin XCVersionGroup section */
		2E3345C11E4D9436005A1CAA /* MyList.xcdatamodeld */ = {
			isa = XCVersionGroup;
			children = (
				2E3345C21E4D9436005A1CAA /* MyList.xcdatamodel */,
			);
			currentVersion = 2E3345C21E4D9436005A1CAA /* MyList.xcdatamodel */;
			path = MyList.xcdatamodeld;
			sourceTree = "<group>";
			versionGroupType = wrapper.xcdatamodel;
		};
/* End XCVersionGroup section */
	};
	rootObject = 2E3345AA1E4D9436005A1CAA /* Project object */;
}
